%{
  "blake2_elixir": {:hex, :blake2_elixir, "0.8.1", "93913497a79faf97c46e9140dd33d85d8cad0e93ae0039f2503c50204dd94c25", [:make, :mix], [{:elixir_make, "~> 0.5", [hex: :elixir_make, repo: "hexpm", optional: false]}], "hexpm", "3f37b4fb1d1ae9f118f8d1e0358a0f80b422d52af99a23ddcaba5b0b48b33e5d"},
  "elixir_make": {:hex, :elixir_make, "0.6.2", "7dffacd77dec4c37b39af867cedaabb0b59f6a871f89722c25b28fcd4bd70530", [:mix], [], "hexpm", "03e49eadda22526a7e5279d53321d1cced6552f344ba4e03e619063de75348d9"},
}
