%{
  "blake2_elixir": {:git, "https://github.com/josevalim/blake2_elixir.git", "20b3635600d21afeb45665cdca761bfde8961f88", [branch: "patch-1"]},
  "elixir_make": {:hex, :elixir_make, "0.9.0", "6484b3cd8c0cee58f09f05ecaf1a140a8c97670671a6a0e7ab4dc326c3109726", [:mix], [], "hexpm", "db23d4fd8b757462ad02f8aa73431a426fe6671c80b200d9710caf3d1dd0ffdb"},
}
